// !$*UTF8*$!
{
	archiveVersion = 1;
	classes = {
	};
	objectVersion = 56;
	objects = {

/* Begin PBXBuildFile section */
		2308DF7C298EA75500A234C3 /* DataModel.xcdatamodeld in Sources */ = {isa = PBXBuildFile; fileRef = 2308DF7A298EA75500A234C3 /* DataModel.xcdatamodeld */; };
		239FCA602982CAF900FFC1AF /* AppDelegate.swift in Sources */ = {isa = PBXBuildFile; fileRef = 239FCA5F2982CAF900FFC1AF /* AppDelegate.swift */; };
		239FCA622982CAF900FFC1AF /* SceneDelegate.swift in Sources */ = {isa = PBXBuildFile; fileRef = 239FCA612982CAF900FFC1AF /* SceneDelegate.swift */; };
		239FCA642982CAF900FFC1AF /* TodoListViewController.swift in Sources */ = {isa = PBXBuildFile; fileRef = 239FCA632982CAF900FFC1AF /* TodoListViewController.swift */; };
		239FCA672982CAF900FFC1AF /* Main.storyboard in Resources */ = {isa = PBXBuildFile; fileRef = 239FCA652982CAF900FFC1AF /* Main.storyboard */; };
		239FCA692982CAFA00FFC1AF /* Assets.xcassets in Resources */ = {isa = PBXBuildFile; fileRef = 239FCA682982CAFA00FFC1AF /* Assets.xcassets */; };
		239FCA6C2982CAFA00FFC1AF /* LaunchScreen.storyboard in Resources */ = {isa = PBXBuildFile; fileRef = 239FCA6A2982CAFA00FFC1AF /* LaunchScreen.storyboard */; };
		23F66A6A299299EE0017021A /* CategoryViewController.swift in Sources */ = {isa = PBXBuildFile; fileRef = 23F66A69299299EE0017021A /* CategoryViewController.swift */; };
/* End PBXBuildFile section */

/* Begin PBXFileReference section */
		2308DF7B298EA75500A234C3 /* DataModel.xcdatamodel */ = {isa = PBXFileReference; lastKnownFileType = wrapper.xcdatamodel; path = DataModel.xcdatamodel; sourceTree = "<group>"; };
		239FCA5C2982CAF900FFC1AF /* ToDo App.app */ = {isa = PBXFileReference; explicitFileType = wrapper.application; includeInIndex = 0; path = "ToDo App.app"; sourceTree = BUILT_PRODUCTS_DIR; };
		239FCA5F2982CAF900FFC1AF /* AppDelegate.swift */ = {isa = PBXFileReference; lastKnownFileType = sourcecode.swift; path = AppDelegate.swift; sourceTree = "<group>"; };
		239FCA612982CAF900FFC1AF /* SceneDelegate.swift */ = {isa = PBXFileReference; lastKnownFileType = sourcecode.swift; path = SceneDelegate.swift; sourceTree = "<group>"; };
		239FCA632982CAF900FFC1AF /* TodoListViewController.swift */ = {isa = PBXFileReference; lastKnownFileType = sourcecode.swift; path = TodoListViewController.swift; sourceTree = "<group>"; };
		239FCA662982CAF900FFC1AF /* Base */ = {isa = PBXFileReference; lastKnownFileType = file.storyboard; name = Base; path = Base.lproj/Main.storyboard; sourceTree = "<group>"; };
		239FCA682982CAFA00FFC1AF /* Assets.xcassets */ = {isa = PBXFileReference; lastKnownFileType = folder.assetcatalog; path = Assets.xcassets; sourceTree = "<group>"; };
		239FCA6B2982CAFA00FFC1AF /* Base */ = {isa = PBXFileReference; lastKnownFileType = file.storyboard; name = Base; path = Base.lproj/LaunchScreen.storyboard; sourceTree = "<group>"; };
		239FCA6D2982CAFA00FFC1AF /* Info.plist */ = {isa = PBXFileReference; lastKnownFileType = text.plist.xml; path = Info.plist; sourceTree = "<group>"; };
		23F66A69299299EE0017021A /* CategoryViewController.swift */ = {isa = PBXFileReference; lastKnownFileType = sourcecode.swift; path = CategoryViewController.swift; sourceTree = "<group>"; };
/* End PBXFileReference section */

/* Begin PBXFrameworksBuildPhase section */
		239FCA592982CAF900FFC1AF /* Frameworks */ = {
			isa = PBXFrameworksBuildPhase;
			buildActionMask = 2147483647;
			files = (
			);
			runOnlyForDeploymentPostprocessing = 0;
		};
/* End PBXFrameworksBuildPhase section */

/* Begin PBXGroup section */
		239A24B7298AC6480076D44D /* Data Model */ = {
			isa = PBXGroup;
			children = (
				2308DF7A298EA75500A234C3 /* DataModel.xcdatamodeld */,
			);
			path = "Data Model";
			sourceTree = "<group>";
		};
		239A24B8298AC6640076D44D /* Controllers */ = {
			isa = PBXGroup;
			children = (
				23F66A69299299EE0017021A /* CategoryViewController.swift */,
				239FCA632982CAF900FFC1AF /* TodoListViewController.swift */,
			);
			path = Controllers;
			sourceTree = "<group>";
		};
		239A24B9298AC6A20076D44D /* Views */ = {
			isa = PBXGroup;
			children = (
				239FCA652982CAF900FFC1AF /* Main.storyboard */,
			);
			path = Views;
			sourceTree = "<group>";
		};
		239A24BA298AC6B50076D44D /* Supporting Files */ = {
			isa = PBXGroup;
			children = (
				239FCA682982CAFA00FFC1AF /* Assets.xcassets */,
				239FCA6A2982CAFA00FFC1AF /* LaunchScreen.storyboard */,
			);
			path = "Supporting Files";
			sourceTree = "<group>";
		};
		239FCA532982CAF900FFC1AF = {
			isa = PBXGroup;
			children = (
				239FCA5E2982CAF900FFC1AF /* ToDo App */,
				239FCA5D2982CAF900FFC1AF /* Products */,
			);
			sourceTree = "<group>";
		};
		239FCA5D2982CAF900FFC1AF /* Products */ = {
			isa = PBXGroup;
			children = (
				239FCA5C2982CAF900FFC1AF /* ToDo App.app */,
			);
			name = Products;
			sourceTree = "<group>";
		};
		239FCA5E2982CAF900FFC1AF /* ToDo App */ = {
			isa = PBXGroup;
			children = (
				239FCA5F2982CAF900FFC1AF /* AppDelegate.swift */,
				239FCA612982CAF900FFC1AF /* SceneDelegate.swift */,
				239A24B8298AC6640076D44D /* Controllers */,
				239A24B7298AC6480076D44D /* Data Model */,
				239A24B9298AC6A20076D44D /* Views */,
				239A24BA298AC6B50076D44D /* Supporting Files */,
				239FCA6D2982CAFA00FFC1AF /* Info.plist */,
			);
			path = "ToDo App";
			sourceTree = "<group>";
		};
/* End PBXGroup section */

/* Begin PBXNativeTarget section */
		239FCA5B2982CAF900FFC1AF /* ToDo App */ = {
			isa = PBXNativeTarget;
			buildConfigurationList = 239FCA702982CAFA00FFC1AF /* Build configuration list for PBXNativeTarget "ToDo App" */;
			buildPhases = (
				239FCA582982CAF900FFC1AF /* Sources */,
				239FCA592982CAF900FFC1AF /* Frameworks */,
				239FCA5A2982CAF900FFC1AF /* Resources */,
			);
			buildRules = (
			);
			dependencies = (
			);
			name = "ToDo App";
			productName = "ToDo App";
			productReference = 239FCA5C2982CAF900FFC1AF /* ToDo App.app */;
			productType = "com.apple.product-type.application";
		};
/* End PBXNativeTarget section */

/* Begin PBXProject section */
		239FCA542982CAF900FFC1AF /* Project object */ = {
			isa = PBXProject;
			attributes = {
				BuildIndependentTargetsInParallel = 1;
				LastSwiftUpdateCheck = 1420;
				LastUpgradeCheck = 1420;
				TargetAttributes = {
					239FCA5B2982CAF900FFC1AF = {
						CreatedOnToolsVersion = 14.2;
					};
				};
			};
			buildConfigurationList = 239FCA572982CAF900FFC1AF /* Build configuration list for PBXProject "ToDo App" */;
			compatibilityVersion = "Xcode 14.0";
			developmentRegion = en;
			hasScannedForEncodings = 0;
			knownRegions = (
				en,
				Base,
			);
			mainGroup = 239FCA532982CAF900FFC1AF;
			productRefGroup = 239FCA5D2982CAF900FFC1AF /* Products */;
			projectDirPath = "";
			projectRoot = "";
			targets = (
				239FCA5B2982CAF900FFC1AF /* ToDo App */,
			);
		};
/* End PBXProject section */

/* Begin PBXResourcesBuildPhase section */
		239FCA5A2982CAF900FFC1AF /* Resources */ = {
			isa = PBXResourcesBuildPhase;
			buildActionMask = 2147483647;
			files = (
				239FCA6C2982CAFA00FFC1AF /* LaunchScreen.storyboard in Resources */,
				239FCA692982CAFA00FFC1AF /* Assets.xcassets in Resources */,
				239FCA672982CAF900FFC1AF /* Main.storyboard in Resources */,
			);
			runOnlyForDeploymentPostprocessing = 0;
		};
/* End PBXResourcesBuildPhase section */

/* Begin PBXSourcesBuildPhase section */
		239FCA582982CAF900FFC1AF /* Sources */ = {
			isa = PBXSourcesBuildPhase;
			buildActionMask = 2147483647;
			files = (
				23F66A6A299299EE0017021A /* CategoryViewController.swift in Sources */,
				2308DF7C298EA75500A234C3 /* DataModel.xcdatamodeld in Sources */,
				239FCA642982CAF900FFC1AF /* TodoListViewController.swift in Sources */,
				239FCA602982CAF900FFC1AF /* AppDelegate.swift in Sources */,
				239FCA622982CAF900FFC1AF /* SceneDelegate.swift in Sources */,
			);
			runOnlyForDeploymentPostprocessing = 0;
		};
/* End PBXSourcesBuildPhase section */

/* Begin PBXVariantGroup section */
		239FCA652982CAF900FFC1AF /* Main.storyboard */ = {
			isa = PBXVariantGroup;
			children = (
				239FCA662982CAF900FFC1AF /* Base */,
			);
			name = Main.storyboard;
			sourceTree = "<group>";
		};
		239FCA6A2982CAFA00FFC1AF /* LaunchScreen.storyboard */ = {
			isa = PBXVariantGroup;
			children = (
				239FCA6B2982CAFA00FFC1AF /* Base */,
			);
			name = LaunchScreen.storyboard;
			sourceTree = "<group>";
		};
/* End PBXVariantGroup section */

/* Begin XCBuildConfiguration section */
		239FCA6E2982CAFA00FFC1AF /* Debug */ = {
			isa = XCBuildConfiguration;
			buildSettings = {
				ALWAYS_SEARCH_USER_PATHS = NO;
				CLANG_ANALYZER_NONNULL = YES;
				CLANG_ANALYZER_NUMBER_OBJECT_CONVERSION = YES_AGGRESSIVE;
				CLANG_CXX_LANGUAGE_STANDARD = "gnu++20";
				CLANG_ENABLE_MODULES = YES;
				CLANG_ENABLE_OBJC_ARC = YES;
				CLANG_ENABLE_OBJC_WEAK = YES;
				CLANG_WARN_BLOCK_CAPTURE_AUTORELEASING = YES;
				CLANG_WARN_BOOL_CONVERSION = YES;
				CLANG_WARN_COMMA = YES;
				CLANG_WARN_CONSTANT_CONVERSION = YES;
				CLANG_WARN_DEPRECATED_OBJC_IMPLEMENTATIONS = YES;
				CLANG_WARN_DIRECT_OBJC_ISA_USAGE = YES_ERROR;
				CLANG_WARN_DOCUMENTATION_COMMENTS = YES;
				CLANG_WARN_EMPTY_BODY = YES;
				CLANG_WARN_ENUM_CONVERSION = YES;
				CLANG_WARN_INFINITE_RECURSION = YES;
				CLANG_WARN_INT_CONVERSION = YES;
				CLANG_WARN_NON_LITERAL_NULL_CONVERSION = YES;
				CLANG_WARN_OBJC_IMPLICIT_RETAIN_SELF = YES;
				CLANG_WARN_OBJC_LITERAL_CONVERSION = YES;
				CLANG_WARN_OBJC_ROOT_CLASS = YES_ERROR;
				CLANG_WARN_QUOTED_INCLUDE_IN_FRAMEWORK_HEADER = YES;
				CLANG_WARN_RANGE_LOOP_ANALYSIS = YES;
				CLANG_WARN_STRICT_PROTOTYPES = YES;
				CLANG_WARN_SUSPICIOUS_MOVE = YES;
				CLANG_WARN_UNGUARDED_AVAILABILITY = YES_AGGRESSIVE;
				CLANG_WARN_UNREACHABLE_CODE = YES;
				CLANG_WARN__DUPLICATE_METHOD_MATCH = YES;
				COPY_PHASE_STRIP = NO;
				DEBUG_INFORMATION_FORMAT = dwarf;
				ENABLE_STRICT_OBJC_MSGSEND = YES;
				ENABLE_TESTABILITY = YES;
				GCC_C_LANGUAGE_STANDARD = gnu11;
				GCC_DYNAMIC_NO_PIC = NO;
				GCC_NO_COMMON_BLOCKS = YES;
				GCC_OPTIMIZATION_LEVEL = 0;
				GCC_PREPROCESSOR_DEFINITIONS = (
					"DEBUG=1",
					"$(inherited)",
				);
				GCC_WARN_64_TO_32_BIT_CONVERSION = YES;
				GCC_WARN_ABOUT_RETURN_TYPE = YES_ERROR;
				GCC_WARN_UNDECLARED_SELECTOR = YES;
				GCC_WARN_UNINITIALIZED_AUTOS = YES_AGGRESSIVE;
				GCC_WARN_UNUSED_FUNCTION = YES;
				GCC_WARN_UNUSED_VARIABLE = YES;
				IPHONEOS_DEPLOYMENT_TARGET = 16.0;
				MTL_ENABLE_DEBUG_INFO = INCLUDE_SOURCE;
				MTL_FAST_MATH = YES;
				ONLY_ACTIVE_ARCH = YES;
				SDKROOT = iphoneos;
				SWIFT_ACTIVE_COMPILATION_CONDITIONS = DEBUG;
				SWIFT_OPTIMIZATION_LEVEL = "-Onone";
			};
			name = Debug;
		};
		239FCA6F2982CAFA00FFC1AF /* Release */ = {
			isa = XCBuildConfiguration;
			buildSettings = {
				ALWAYS_SEARCH_USER_PATHS = NO;
				CLANG_ANALYZER_NONNULL = YES;
				CLANG_ANALYZER_NUMBER_OBJECT_CONVERSION = YES_AGGRESSIVE;
				CLANG_CXX_LANGUAGE_STANDARD = "gnu++20";
				CLANG_ENABLE_MODULES = YES;
				CLANG_ENABLE_OBJC_ARC = YES;
				CLANG_ENABLE_OBJC_WEAK = YES;
				CLANG_WARN_BLOCK_CAPTURE_AUTORELEASING = YES;
				CLANG_WARN_BOOL_CONVERSION = YES;
				CLANG_WARN_COMMA = YES;
				CLANG_WARN_CONSTANT_CONVERSION = YES;
				CLANG_WARN_DEPRECATED_OBJC_IMPLEMENTATIONS = YES;
				CLANG_WARN_DIRECT_OBJC_ISA_USAGE = YES_ERROR;
				CLANG_WARN_DOCUMENTATION_COMMENTS = YES;
				CLANG_WARN_EMPTY_BODY = YES;
				CLANG_WARN_ENUM_CONVERSION = YES;
				CLANG_WARN_INFINITE_RECURSION = YES;
				CLANG_WARN_INT_CONVERSION = YES;
				CLANG_WARN_NON_LITERAL_NULL_CONVERSION = YES;
				CLANG_WARN_OBJC_IMPLICIT_RETAIN_SELF = YES;
				CLANG_WARN_OBJC_LITERAL_CONVERSION = YES;
				CLANG_WARN_OBJC_ROOT_CLASS = YES_ERROR;
				CLANG_WARN_QUOTED_INCLUDE_IN_FRAMEWORK_HEADER = YES;
				CLANG_WARN_RANGE_LOOP_ANALYSIS = YES;
				CLANG_WARN_STRICT_PROTOTYPES = YES;
				CLANG_WARN_SUSPICIOUS_MOVE = YES;
				CLANG_WARN_UNGUARDED_AVAILABILITY = YES_AGGRESSIVE;
				CLANG_WARN_UNREACHABLE_CODE = YES;
				CLANG_WARN__DUPLICATE_METHOD_MATCH = YES;
				COPY_PHASE_STRIP = NO;
				DEBUG_INFORMATION_FORMAT = "dwarf-with-dsym";
				ENABLE_NS_ASSERTIONS = NO;
				ENABLE_STRICT_OBJC_MSGSEND = YES;
				GCC_C_LANGUAGE_STANDARD = gnu11;
				GCC_NO_COMMON_BLOCKS = YES;
				GCC_WARN_64_TO_32_BIT_CONVERSION = YES;
				GCC_WARN_ABOUT_RETURN_TYPE = YES_ERROR;
				GCC_WARN_UNDECLARED_SELECTOR = YES;
				GCC_WARN_UNINITIALIZED_AUTOS = YES_AGGRESSIVE;
				GCC_WARN_UNUSED_FUNCTION = YES;
				GCC_WARN_UNUSED_VARIABLE = YES;
				IPHONEOS_DEPLOYMENT_TARGET = 16.0;
				MTL_ENABLE_DEBUG_INFO = NO;
				MTL_FAST_MATH = YES;
				SDKROOT = iphoneos;
				SWIFT_COMPILATION_MODE = wholemodule;
				SWIFT_OPTIMIZATION_LEVEL = "-O";
				VALIDATE_PRODUCT = YES;
			};
			name = Release;
		};
		239FCA712982CAFA00FFC1AF /* Debug */ = {
			isa = XCBuildConfiguration;
			buildSettings = {
				ASSETCATALOG_COMPILER_APPICON_NAME = AppIcon;
				ASSETCATALOG_COMPILER_GLOBAL_ACCENT_COLOR_NAME = AccentColor;
				CODE_SIGN_STYLE = Automatic;
				CURRENT_PROJECT_VERSION = 1;
				DEVELOPMENT_TEAM = J4ATCU9K89;
				GENERATE_INFOPLIST_FILE = YES;
				INFOPLIST_FILE = "ToDo App/Info.plist";
				INFOPLIST_KEY_UIApplicationSupportsIndirectInputEvents = YES;
				INFOPLIST_KEY_UILaunchStoryboardName = LaunchScreen;
				INFOPLIST_KEY_UIMainStoryboardFile = Main;
				INFOPLIST_KEY_UISupportedInterfaceOrientations_iPad = "UIInterfaceOrientationPortrait UIInterfaceOrientationPortraitUpsideDown UIInterfaceOrientationLandscapeLeft UIInterfaceOrientationLandscapeRight";
				INFOPLIST_KEY_UISupportedInterfaceOrientations_iPhone = "UIInterfaceOrientationPortrait UIInterfaceOrientationLandscapeLeft UIInterfaceOrientationLandscapeRight";
				LD_RUNPATH_SEARCH_PATHS = (
					"$(inherited)",
					"@executable_path/Frameworks",
				);
				MARKETING_VERSION = 1.0;
				PRODUCT_BUNDLE_IDENTIFIER = "anurag.ToDo-App";
				PRODUCT_NAME = "$(TARGET_NAME)";
				SWIFT_EMIT_LOC_STRINGS = YES;
				SWIFT_VERSION = 5.0;
				TARGETED_DEVICE_FAMILY = "1,2";
			};
			name = Debug;
		};
		239FCA722982CAFA00FFC1AF /* Release */ = {
			isa = XCBuildConfiguration;
			buildSettings = {
				ASSETCATALOG_COMPILER_APPICON_NAME = AppIcon;
				ASSETCATALOG_COMPILER_GLOBAL_ACCENT_COLOR_NAME = AccentColor;
				CODE_SIGN_STYLE = Automatic;
				CURRENT_PROJECT_VERSION = 1;
				DEVELOPMENT_TEAM = J4ATCU9K89;
				GENERATE_INFOPLIST_FILE = YES;
				INFOPLIST_FILE = "ToDo App/Info.plist";
				INFOPLIST_KEY_UIApplicationSupportsIndirectInputEvents = YES;
				INFOPLIST_KEY_UILaunchStoryboardName = LaunchScreen;
				INFOPLIST_KEY_UIMainStoryboardFile = Main;
				INFOPLIST_KEY_UISupportedInterfaceOrientations_iPad = "UIInterfaceOrientationPortrait UIInterfaceOrientationPortraitUpsideDown UIInterfaceOrientationLandscapeLeft UIInterfaceOrientationLandscapeRight";
				INFOPLIST_KEY_UISupportedInterfaceOrientations_iPhone = "UIInterfaceOrientationPortrait UIInterfaceOrientationLandscapeLeft UIInterfaceOrientationLandscapeRight";
				LD_RUNPATH_SEARCH_PATHS = (
					"$(inherited)",
					"@executable_path/Frameworks",
				);
				MARKETING_VERSION = 1.0;
				PRODUCT_BUNDLE_IDENTIFIER = "anurag.ToDo-App";
				PRODUCT_NAME = "$(TARGET_NAME)";
				SWIFT_EMIT_LOC_STRINGS = YES;
				SWIFT_VERSION = 5.0;
				TARGETED_DEVICE_FAMILY = "1,2";
			};
			name = Release;
		};
/* End XCBuildConfiguration section */

/* Begin XCConfigurationList section */
		239FCA572982CAF900FFC1AF /* Build configuration list for PBXProject "ToDo App" */ = {
			isa = XCConfigurationList;
			buildConfigurations = (
				239FCA6E2982CAFA00FFC1AF /* Debug */,
				239FCA6F2982CAFA00FFC1AF /* Release */,
			);
			defaultConfigurationIsVisible = 0;
			defaultConfigurationName = Release;
		};
		239FCA702982CAFA00FFC1AF /* Build configuration list for PBXNativeTarget "ToDo App" */ = {
			isa = XCConfigurationList;
			buildConfigurations = (
				239FCA712982CAFA00FFC1AF /* Debug */,
				239FCA722982CAFA00FFC1AF /* Release */,
			);
			defaultConfigurationIsVisible = 0;
			defaultConfigurationName = Release;
		};
/* End XCConfigurationList section */

/* Begin XCVersionGroup section */
		2308DF7A298EA75500A234C3 /* DataModel.xcdatamodeld */ = {
			isa = XCVersionGroup;
			children = (
				2308DF7B298EA75500A234C3 /* DataModel.xcdatamodel */,
			);
			currentVersion = 2308DF7B298EA75500A234C3 /* DataModel.xcdatamodel */;
			path = DataModel.xcdatamodeld;
			sourceTree = "<group>";
			versionGroupType = wrapper.xcdatamodel;
		};
/* End XCVersionGroup section */
	};
	rootObject = 239FCA542982CAF900FFC1AF /* Project object */;
}
